<?xml version="1.0" encoding="utf-8"?>
<Project ToolsVersion="4.0" xmlns="http://schemas.microsoft.com/developer/msbuild/2003">
  <ItemGroup>
    <Filter Include="Source Files">
      <UniqueIdentifier>{4FC737F1-C7A5-4376-A066-2A32D752A2FF}</UniqueIdentifier>
      <Extensions>cpp;c;cc;cxx;def;odl;idl;hpj;bat;asm;asmx</Extensions>
    </Filter>
    <Filter Include="Header Files">
      <UniqueIdentifier>{93995380-89BD-4b04-88EB-625FBE52EBFB}</UniqueIdentifier>
      <Extensions>h;hh;hpp;hxx;hm;inl;inc;ipp;xsd</Extensions>
    </Filter>
    <Filter Include="Resource Files">
      <UniqueIdentifier>{67DA6AB6-F800-4c08-8B7A-83BB121AAD01}</UniqueIdentifier>
      <Extensions>rc;ico;cur;bmp;dlg;rc2;rct;bin;rgs;gif;jpg;jpeg;jpe;resx;tiff;tif;png;wav;mfcribbon-ms</Extensions>
    </Filter>
    <Filter Include="Header Files\utils">
      <UniqueIdentifier>{6834758c-f1eb-46bd-b135-9eafed9a2b9e}</UniqueIdentifier>
    </Filter>
    <Filter Include="Header Files\gui">
      <UniqueIdentifier>{e60151e0-164f-4808-8cd0-48a3de92a7b7}</UniqueIdentifier>
    </Filter>
    <Filter Include="Header Files\gui\imgui">
      <UniqueIdentifier>{45764f76-8faa-4e46-8f7f-4f1862c40249}</UniqueIdentifier>
    </Filter>
    <Filter Include="Header Files\minhook">
      <UniqueIdentifier>{671f0197-868a-4806-b8af-83d503018103}</UniqueIdentifier>
    </Filter>
    <Filter Include="Header Files\plugin">
      <UniqueIdentifier>{3215c02c-3004-41a1-806e-bb7142829e61}</UniqueIdentifier>
    </Filter>
    <Filter Include="Header Files\helper">
      <UniqueIdentifier>{5374410b-b893-438f-8a34-690a5ecb933a}</UniqueIdentifier>
    </Filter>
    <Filter Include="Header Files\mk">
      <UniqueIdentifier>{0080ab55-e5c7-4a00-84bb-639fa2a2c367}</UniqueIdentifier>
    </Filter>
    <Filter Include="Header Files\unreal">
      <UniqueIdentifier>{543a24c7-fc3e-4000-93fe-e87ac0ef11eb}</UniqueIdentifier>
    </Filter>
  </ItemGroup>
  <ItemGroup>
    <ClInclude Include="framework.h">
      <Filter>Header Files</Filter>
    </ClInclude>
    <ClInclude Include="pch.h">
      <Filter>Header Files</Filter>
    </ClInclude>
    <ClInclude Include="utils\MemoryMgr.h">
      <Filter>Header Files\utils</Filter>
    </ClInclude>
    <ClInclude Include="utils\Trampoline.h">
      <Filter>Header Files\utils</Filter>
    </ClInclude>
    <ClInclude Include="resource.h">
      <Filter>Header Files</Filter>
    </ClInclude>
    <ClInclude Include="gui\dx11hook.h">
      <Filter>Header Files\gui</Filter>
    </ClInclude>
    <ClInclude Include="gui\font.h">
      <Filter>Header Files\gui</Filter>
    </ClInclude>
    <ClInclude Include="gui\gui_impl.h">
      <Filter>Header Files\gui</Filter>
    </ClInclude>
    <ClInclude Include="gui\log.h">
      <Filter>Header Files\gui</Filter>
    </ClInclude>
    <ClInclude Include="gui\notifications.h">
      <Filter>Header Files\gui</Filter>
    </ClInclude>
    <ClInclude Include="gui\imgui\imconfig.h">
      <Filter>Header Files\gui\imgui</Filter>
    </ClInclude>
    <ClInclude Include="gui\imgui\imgui.h">
      <Filter>Header Files\gui\imgui</Filter>
    </ClInclude>
    <ClInclude Include="gui\imgui\imgui_impl_dx11.h">
      <Filter>Header Files\gui\imgui</Filter>
    </ClInclude>
    <ClInclude Include="gui\imgui\imgui_impl_win32.h">
      <Filter>Header Files\gui\imgui</Filter>
    </ClInclude>
    <ClInclude Include="gui\imgui\imgui_internal.h">
      <Filter>Header Files\gui\imgui</Filter>
    </ClInclude>
    <ClInclude Include="gui\imgui\imstb_rectpack.h">
      <Filter>Header Files\gui\imgui</Filter>
    </ClInclude>
    <ClInclude Include="gui\imgui\imstb_textedit.h">
      <Filter>Header Files\gui\imgui</Filter>
    </ClInclude>
    <ClInclude Include="gui\imgui\imstb_truetype.h">
      <Filter>Header Files\gui\imgui</Filter>
    </ClInclude>
    <ClInclude Include="minhook\src\buffer.h">
      <Filter>Header Files\minhook</Filter>
    </ClInclude>
    <ClInclude Include="minhook\src\trampoline.h">
      <Filter>Header Files\minhook</Filter>
    </ClInclude>
    <ClInclude Include="minhook\src\hde\hde32.h">
      <Filter>Header Files\minhook</Filter>
    </ClInclude>
    <ClInclude Include="minhook\src\hde\hde64.h">
      <Filter>Header Files\minhook</Filter>
    </ClInclude>
    <ClInclude Include="minhook\src\hde\pstdint.h">
      <Filter>Header Files\minhook</Filter>
    </ClInclude>
    <ClInclude Include="minhook\src\hde\table32.h">
      <Filter>Header Files\minhook</Filter>
    </ClInclude>
    <ClInclude Include="minhook\src\hde\table64.h">
      <Filter>Header Files\minhook</Filter>
    </ClInclude>
    <ClInclude Include="plugin\Menu.h">
      <Filter>Header Files\plugin</Filter>
    </ClInclude>
    <ClInclude Include="plugin\Settings.h">
      <Filter>Header Files\plugin</Filter>
    </ClInclude>
    <ClInclude Include="utils\addr.h">
      <Filter>Header Files\utils</Filter>
    </ClInclude>
    <ClInclude Include="utils\core.h">
      <Filter>Header Files\utils</Filter>
    </ClInclude>
    <ClInclude Include="utils\IniReader.h">
      <Filter>Header Files\utils</Filter>
    </ClInclude>
    <ClInclude Include="utils.h">
      <Filter>Header Files</Filter>
    </ClInclude>
    <ClInclude Include="helper\eKeyboardMan.h">
      <Filter>Header Files\helper</Filter>
    </ClInclude>
    <ClInclude Include="helper\eAbilityNames.h">
      <Filter>Header Files\helper</Filter>
    </ClInclude>
    <ClInclude Include="helper\eGamepadManager.h">
      <Filter>Header Files\helper</Filter>
    </ClInclude>
    <ClInclude Include="helper\eMath.h">
      <Filter>Header Files\helper</Filter>
    </ClInclude>
    <ClInclude Include="helper\eMouse.h">
      <Filter>Header Files\helper</Filter>
    </ClInclude>
    <ClInclude Include="mk\LadderInfo.h">
      <Filter>Header Files\mk</Filter>
    </ClInclude>
    <ClInclude Include="mk\SecretFight.h">
      <Filter>Header Files\mk</Filter>
    </ClInclude>
    <ClInclude Include="mk\Krypt.h">
      <Filter>Header Files\mk</Filter>
    </ClInclude>
    <ClInclude Include="mk\MKObject.h">
      <Filter>Header Files\mk</Filter>
    </ClInclude>
    <ClInclude Include="mk\CharacterDefinition.h">
      <Filter>Header Files\mk</Filter>
    </ClInclude>
    <ClInclude Include="mk\GameInfo.h">
      <Filter>Header Files\mk</Filter>
    </ClInclude>
    <ClInclude Include="mk\MKCamera.h">
      <Filter>Header Files\mk</Filter>
    </ClInclude>
    <ClInclude Include="mk\MKCharacter.h">
      <Filter>Header Files\mk</Filter>
    </ClInclude>
    <ClInclude Include="mk\MKModifier.h">
      <Filter>Header Files\mk</Filter>
    </ClInclude>
    <ClInclude Include="mk\PlayerInfo.h">
      <Filter>Header Files\mk</Filter>
    </ClInclude>
    <ClInclude Include="mk\VMProc.h">
      <Filter>Header Files\mk</Filter>
    </ClInclude>
    <ClInclude Include="unreal\FMath.h">
      <Filter>Header Files\unreal</Filter>
    </ClInclude>
    <ClInclude Include="unreal\FMatrix.h">
      <Filter>Header Files\unreal</Filter>
    </ClInclude>
    <ClInclude Include="unreal\FName.h">
      <Filter>Header Files\unreal</Filter>
    </ClInclude>
    <ClInclude Include="unreal\FQuat.h">
      <Filter>Header Files\unreal</Filter>
    </ClInclude>
    <ClInclude Include="unreal\FRotator.h">
      <Filter>Header Files\unreal</Filter>
    </ClInclude>
    <ClInclude Include="unreal\FVector.h">
      <Filter>Header Files\unreal</Filter>
    </ClInclude>
    <ClInclude Include="unreal\SkeletalMesh.h">
      <Filter>Header Files\unreal</Filter>
    </ClInclude>
    <ClInclude Include="unreal\TArray.h">
      <Filter>Header Files\unreal</Filter>
    </ClInclude>
    <ClInclude Include="plugin\AnimationTool.h">
      <Filter>Header Files\plugin</Filter>
    </ClInclude>
    <ClInclude Include="plugin\Hooks.h">
      <Filter>Header Files\plugin</Filter>
    </ClInclude>
    <ClInclude Include="mk\MKCommand.h">
      <Filter>Header Files\mk</Filter>
    </ClInclude>
    <ClInclude Include="mk\MKStructs.h">
      <Filter>Header Files\mk</Filter>
    </ClInclude>
    <ClInclude Include="utils\Patterns.h">
      <Filter>Header Files\utils</Filter>
    </ClInclude>
    <ClInclude Include="gui\dx12hook.h">
      <Filter>Header Files\gui</Filter>
    </ClInclude>
    <ClInclude Include="gui\imgui\imgui_impl_dx12.h">
      <Filter>Header Files\gui\imgui</Filter>
    </ClInclude>
    <ClInclude Include="gui\const.h">
      <Filter>Header Files\gui</Filter>
    </ClInclude>
    <ClInclude Include="mk\Engine.h">
      <Filter>Header Files\mk</Filter>
    </ClInclude>
    <ClInclude Include="mk\MKScript.h">
      <Filter>Header Files\mk</Filter>
    </ClInclude>
    <ClInclude Include="plugin\PatternSolver.h">
      <Filter>Header Files\plugin</Filter>
    </ClInclude>
    <ClInclude Include="plugin\API.h">
      <Filter>Header Files\plugin</Filter>
    </ClInclude>
    <ClInclude Include="plugin\PluginInterface.h">
      <Filter>Header Files\plugin</Filter>
    </ClInclude>
    <ClInclude Include="mk\Scaleform.h">
      <Filter>Header Files\mk</Filter>
    </ClInclude>
  </ItemGroup>
  <ItemGroup>
    <ClCompile Include="pch.cpp">
      <Filter>Source Files</Filter>
    </ClCompile>
    <ClCompile Include="dllmain.cpp">
      <Filter>Source Files</Filter>
    </ClCompile>
    <ClCompile Include="gui\dx11hook.cpp">
      <Filter>Header Files\gui</Filter>
    </ClCompile>
    <ClCompile Include="gui\gui_impl.cpp">
      <Filter>Header Files\gui</Filter>
    </ClCompile>
    <ClCompile Include="gui\log.cpp">
      <Filter>Header Files\gui</Filter>
    </ClCompile>
    <ClCompile Include="gui\notifications.cpp">
      <Filter>Header Files\gui</Filter>
    </ClCompile>
    <ClCompile Include="gui\imgui\imgui.cpp">
      <Filter>Header Files\gui\imgui</Filter>
    </ClCompile>
    <ClCompile Include="gui\imgui\imgui_demo.cpp">
      <Filter>Header Files\gui\imgui</Filter>
    </ClCompile>
    <ClCompile Include="gui\imgui\imgui_draw.cpp">
      <Filter>Header Files\gui\imgui</Filter>
    </ClCompile>
    <ClCompile Include="gui\imgui\imgui_impl_dx11.cpp">
      <Filter>Header Files\gui\imgui</Filter>
    </ClCompile>
    <ClCompile Include="gui\imgui\imgui_impl_win32.cpp">
      <Filter>Header Files\gui\imgui</Filter>
    </ClCompile>
    <ClCompile Include="gui\imgui\imgui_tables.cpp">
      <Filter>Header Files\gui\imgui</Filter>
    </ClCompile>
    <ClCompile Include="gui\imgui\imgui_widgets.cpp">
      <Filter>Header Files\gui\imgui</Filter>
    </ClCompile>
    <ClCompile Include="minhook\src\buffer.c">
      <Filter>Header Files\minhook</Filter>
    </ClCompile>
    <ClCompile Include="minhook\src\hook.c">
      <Filter>Header Files\minhook</Filter>
    </ClCompile>
    <ClCompile Include="minhook\src\trampoline.c">
      <Filter>Header Files\minhook</Filter>
    </ClCompile>
    <ClCompile Include="minhook\src\hde\hde32.c">
      <Filter>Header Files\minhook</Filter>
    </ClCompile>
    <ClCompile Include="minhook\src\hde\hde64.c">
      <Filter>Header Files\minhook</Filter>
    </ClCompile>
    <ClCompile Include="plugin\Menu.cpp">
      <Filter>Header Files\plugin</Filter>
    </ClCompile>
    <ClCompile Include="plugin\Settings.cpp">
      <Filter>Header Files\plugin</Filter>
    </ClCompile>
    <ClCompile Include="utils\addr.cpp">
      <Filter>Header Files\utils</Filter>
    </ClCompile>
    <ClCompile Include="utils\IniReader.cpp">
      <Filter>Header Files\utils</Filter>
    </ClCompile>
    <ClCompile Include="helper\eKeyboardMan.cpp">
      <Filter>Header Files\helper</Filter>
    </ClCompile>
    <ClCompile Include="helper\eAbilityNames.cpp">
      <Filter>Header Files\helper</Filter>
    </ClCompile>
    <ClCompile Include="helper\eGamepadManager.cpp">
      <Filter>Header Files\helper</Filter>
    </ClCompile>
    <ClCompile Include="helper\eMath.cpp">
      <Filter>Header Files\helper</Filter>
    </ClCompile>
    <ClCompile Include="helper\eMouse.cpp">
      <Filter>Header Files\helper</Filter>
    </ClCompile>
    <ClCompile Include="mk\LadderInfo.cpp">
      <Filter>Header Files\mk</Filter>
    </ClCompile>
    <ClCompile Include="mk\SecretFight.cpp">
      <Filter>Header Files\mk</Filter>
    </ClCompile>
    <ClCompile Include="mk\Krypt.cpp">
      <Filter>Header Files\mk</Filter>
    </ClCompile>
    <ClCompile Include="mk\MKObject.cpp">
      <Filter>Header Files\mk</Filter>
    </ClCompile>
    <ClCompile Include="mk\CharacterDefinition.cpp">
      <Filter>Header Files\mk</Filter>
    </ClCompile>
    <ClCompile Include="mk\GameInfo.cpp">
      <Filter>Header Files\mk</Filter>
    </ClCompile>
    <ClCompile Include="mk\MKCamera.cpp">
      <Filter>Header Files\mk</Filter>
    </ClCompile>
    <ClCompile Include="mk\MKCharacter.cpp">
      <Filter>Header Files\mk</Filter>
    </ClCompile>
    <ClCompile Include="mk\MKModifier.cpp">
      <Filter>Header Files\mk</Filter>
    </ClCompile>
    <ClCompile Include="mk\PlayerInfo.cpp">
      <Filter>Header Files\mk</Filter>
    </ClCompile>
    <ClCompile Include="mk\VMProc.cpp">
      <Filter>Header Files\mk</Filter>
    </ClCompile>
    <ClCompile Include="unreal\FMath.cpp">
      <Filter>Header Files\unreal</Filter>
    </ClCompile>
    <ClCompile Include="unreal\FMatrix.cpp">
      <Filter>Header Files\unreal</Filter>
    </ClCompile>
    <ClCompile Include="unreal\FName.cpp">
      <Filter>Header Files\unreal</Filter>
    </ClCompile>
    <ClCompile Include="unreal\SkeletalMesh.cpp">
      <Filter>Header Files\unreal</Filter>
    </ClCompile>
    <ClCompile Include="plugin\AnimationTool.cpp">
      <Filter>Header Files\plugin</Filter>
    </ClCompile>
    <ClCompile Include="utils\Patterns.cpp">
      <Filter>Header Files\utils</Filter>
    </ClCompile>
    <ClCompile Include="gui\dx12hook.cpp">
      <Filter>Header Files\gui</Filter>
    </ClCompile>
    <ClCompile Include="gui\imgui\imgui_impl_dx12.cpp">
      <Filter>Header Files\gui\imgui</Filter>
    </ClCompile>
    <ClCompile Include="mk\Engine.cpp">
      <Filter>Header Files\mk</Filter>
    </ClCompile>
    <ClCompile Include="plugin\Hooks.cpp">
      <Filter>Header Files\plugin</Filter>
    </ClCompile>
    <ClCompile Include="mk\MKScript.cpp">
      <Filter>Header Files\mk</Filter>
    </ClCompile>
    <ClCompile Include="plugin\PatternSolver.cpp">
      <Filter>Header Files\plugin</Filter>
    </ClCompile>
    <ClCompile Include="plugin\API.cpp">
      <Filter>Header Files\plugin</Filter>
    </ClCompile>
    <ClCompile Include="plugin\PluginInterface.cpp">
      <Filter>Header Files\plugin</Filter>
    </ClCompile>
    <ClCompile Include="mk\Scaleform.cpp">
      <Filter>Header Files\mk</Filter>
    </ClCompile>
    <ClCompile Include="plugin\ModifierList.cpp">
      <Filter>Header Files\plugin</Filter>
    </ClCompile>
  </ItemGroup>
  <ItemGroup>
    <ResourceCompile Include="MK11Hook.rc">
      <Filter>Resource Files</Filter>
    </ResourceCompile>
  </ItemGroup>
  <ItemGroup>
    <None Include="..\README.md">
      <Filter>Resource Files</Filter>
    </None>
  </ItemGroup>
</Project>